
Microsoft Visual Studio Solution File, Format Version 12.00
# Visual Studio Version 17
VisualStudioVersion = 17.0.31919.166
MinimumVisualStudioVersion = 10.0.40219.1
Project("{9A19103F-16F7-4668-BE54-9A1E7A4F7556}") = "GameTest1", "GameTest1\GameTest1.csproj", "{AAFBFD4F-3B67-4BC6-AD28-54515EF75587}"
EndProject
Global
	GlobalSection(SolutionConfigurationPlatforms) = preSolution
		Debug|Any CPU = Debug|Any CPU
		Release|Any CPU = Release|Any CPU
	EndGlobalSection
	GlobalSection(ProjectConfigurationPlatforms) = postSolution
		{AAFBFD4F-3B67-4BC6-AD28-54515EF75587}.Debug|Any CPU.ActiveCfg = Debug|Any CPU
		{AAFBFD4F-3B67-4BC6-AD28-54515EF75587}.Debug|Any CPU.Build.0 = Debug|Any CPU
		{AAFBFD4F-3B67-4BC6-AD28-54515EF75587}.Release|Any CPU.ActiveCfg = Release|Any CPU
		{AAFBFD4F-3B67-4BC6-AD28-54515EF75587}.Release|Any CPU.Build.0 = Release|Any CPU
	EndGlobalSection
	GlobalSection(SolutionProperties) = preSolution
		HideSolutionNode = FALSE
	EndGlobalSection
	GlobalSection(ExtensibilityGlobals) = postSolution
		SolutionGuid = {247B0D19-DC3F-4660-B236-EDD9A22843AC}
	EndGlobalSection
EndGlobal
